
Microsoft Visual Studio Solution File, Format Version 12.00
# Visual Studio 14
VisualStudioVersion = 14.0.25420.1
MinimumVisualStudioVersion = 10.0.40219.1
Project("{FAE04EC0-301F-11D3-BF4B-00C04F79EFBC}") = "Red software", "Red software\Red software.csproj", "{E13B7158-F733-4226-967F-43C989E7F5EC}"
EndProject
Project("{FAE04EC0-301F-11D3-BF4B-00C04F79EFBC}") = "BusinessLayer", "BusinessLayer\BusinessLayer.csproj", "{4A53006B-D0BA-4069-8322-60CB6AB87393}"
EndProject
Project("{FAE04EC0-301F-11D3-BF4B-00C04F79EFBC}") = "DataLayer", "DataLayer\DataLayer.csproj", "{9FB4883C-A109-4B58-B5C9-705722BB9B01}"
EndProject
Project("{FAE04EC0-301F-11D3-BF4B-00C04F79EFBC}") = "EntityLayer", "EntityLayer\EntityLayer.csproj", "{9A9DA9F8-9527-4DDF-ADEB-C10831C494B0}"
EndProject
Project("{FAE04EC0-301F-11D3-BF4B-00C04F79EFBC}") = "DataLayerTests", "DataLayerTests\DataLayerTests.csproj", "{E15B3600-B170-4B3D-9A56-D0AA57D22EF6}"
EndProject
Project("{FAE04EC0-301F-11D3-BF4B-00C04F79EFBC}") = "BusinessLayerTests", "BusinessLayerTests\BusinessLayerTests.csproj", "{281E3C97-267F-4D8B-8488-3AF4797158DF}"
EndProject
Global
	GlobalSection(SolutionConfigurationPlatforms) = preSolution
		Debug|Any CPU = Debug|Any CPU
		Release|Any CPU = Release|Any CPU
	EndGlobalSection
	GlobalSection(ProjectConfigurationPlatforms) = postSolution
		{E13B7158-F733-4226-967F-43C989E7F5EC}.Debug|Any CPU.ActiveCfg = Debug|Any CPU
		{E13B7158-F733-4226-967F-43C989E7F5EC}.Debug|Any CPU.Build.0 = Debug|Any CPU
		{E13B7158-F733-4226-967F-43C989E7F5EC}.Release|Any CPU.ActiveCfg = Release|Any CPU
		{E13B7158-F733-4226-967F-43C989E7F5EC}.Release|Any CPU.Build.0 = Release|Any CPU
		{4A53006B-D0BA-4069-8322-60CB6AB87393}.Debug|Any CPU.ActiveCfg = Debug|Any CPU
		{4A53006B-D0BA-4069-8322-60CB6AB87393}.Debug|Any CPU.Build.0 = Debug|Any CPU
		{4A53006B-D0BA-4069-8322-60CB6AB87393}.Release|Any CPU.ActiveCfg = Release|Any CPU
		{4A53006B-D0BA-4069-8322-60CB6AB87393}.Release|Any CPU.Build.0 = Release|Any CPU
		{9FB4883C-A109-4B58-B5C9-705722BB9B01}.Debug|Any CPU.ActiveCfg = Debug|Any CPU
		{9FB4883C-A109-4B58-B5C9-705722BB9B01}.Debug|Any CPU.Build.0 = Debug|Any CPU
		{9FB4883C-A109-4B58-B5C9-705722BB9B01}.Release|Any CPU.ActiveCfg = Release|Any CPU
		{9FB4883C-A109-4B58-B5C9-705722BB9B01}.Release|Any CPU.Build.0 = Release|Any CPU
		{9A9DA9F8-9527-4DDF-ADEB-C10831C494B0}.Debug|Any CPU.ActiveCfg = Debug|Any CPU
		{9A9DA9F8-9527-4DDF-ADEB-C10831C494B0}.Debug|Any CPU.Build.0 = Debug|Any CPU
		{9A9DA9F8-9527-4DDF-ADEB-C10831C494B0}.Release|Any CPU.ActiveCfg = Release|Any CPU
		{9A9DA9F8-9527-4DDF-ADEB-C10831C494B0}.Release|Any CPU.Build.0 = Release|Any CPU
		{E15B3600-B170-4B3D-9A56-D0AA57D22EF6}.Debug|Any CPU.ActiveCfg = Debug|Any CPU
		{E15B3600-B170-4B3D-9A56-D0AA57D22EF6}.Debug|Any CPU.Build.0 = Debug|Any CPU
		{E15B3600-B170-4B3D-9A56-D0AA57D22EF6}.Release|Any CPU.ActiveCfg = Release|Any CPU
		{E15B3600-B170-4B3D-9A56-D0AA57D22EF6}.Release|Any CPU.Build.0 = Release|Any CPU
		{281E3C97-267F-4D8B-8488-3AF4797158DF}.Debug|Any CPU.ActiveCfg = Debug|Any CPU
		{281E3C97-267F-4D8B-8488-3AF4797158DF}.Debug|Any CPU.Build.0 = Debug|Any CPU
		{281E3C97-267F-4D8B-8488-3AF4797158DF}.Release|Any CPU.ActiveCfg = Release|Any CPU
		{281E3C97-267F-4D8B-8488-3AF4797158DF}.Release|Any CPU.Build.0 = Release|Any CPU
	EndGlobalSection
	GlobalSection(SolutionProperties) = preSolution
		HideSolutionNode = FALSE
	EndGlobalSection
EndGlobal
